
Microsoft Visual Studio Solution File, Format Version 12.00
# Visual Studio Version 16
VisualStudioVersion = 16.0.31410.357
MinimumVisualStudioVersion = 10.0.40219.1
Project("{FAE04EC0-301F-11D3-BF4B-00C04F79EFBC}") = "sahib.az.WebApplicationUI", "sahib.az.WebApplicationUI\sahib.az.WebApplicationUI.csproj", "{9EF181E9-2E56-4B7A-BDA4-8C1772A24B22}"
EndProject
Global
	GlobalSection(SolutionConfigurationPlatforms) = preSolution
		Debug|Any CPU = Debug|Any CPU
		Release|Any CPU = Release|Any CPU
	EndGlobalSection
	GlobalSection(ProjectConfigurationPlatforms) = postSolution
		{9EF181E9-2E56-4B7A-BDA4-8C1772A24B22}.Debug|Any CPU.ActiveCfg = Debug|Any CPU
		{9EF181E9-2E56-4B7A-BDA4-8C1772A24B22}.Debug|Any CPU.Build.0 = Debug|Any CPU
		{9EF181E9-2E56-4B7A-BDA4-8C1772A24B22}.Release|Any CPU.ActiveCfg = Release|Any CPU
		{9EF181E9-2E56-4B7A-BDA4-8C1772A24B22}.Release|Any CPU.Build.0 = Release|Any CPU
	EndGlobalSection
	GlobalSection(SolutionProperties) = preSolution
		HideSolutionNode = FALSE
	EndGlobalSection
	GlobalSection(ExtensibilityGlobals) = postSolution
		SolutionGuid = {BC24E3B9-FAD1-4640-A587-331D9D04DDF8}
	EndGlobalSection
EndGlobal
